
Microsoft Visual Studio Solution File, Format Version 12.00
# Visual Studio 15
VisualStudioVersion = 15.0.25928.0
MinimumVisualStudioVersion = 10.0.40219.1
Project("{2150E333-8FDC-42A3-9474-1A3956D46DE8}") = "Source", "Source", "{0D452BFE-626B-4C17-A032-05F314989255}"
EndProject
Project("{2150E333-8FDC-42A3-9474-1A3956D46DE8}") = "Test", "Test", "{4348B876-ADFA-491E-8EC4-1895F2A1ADD3}"
EndProject
Project("{FAE04EC0-301F-11D3-BF4B-00C04F79EFBC}") = "TheBirdShop.Delivery.Web", "Source\TheBirdShop.Delivery.Web\TheBirdShop.Delivery.Web.csproj", "{1F94B432-232D-4BDF-BF44-91CFB7483D56}"
EndProject
Project("{2150E333-8FDC-42A3-9474-1A3956D46DE8}") = "Solution Items", "Solution Items", "{8F458CBC-3EC3-4E75-AB6E-907C8B66DF0B}"
	ProjectSection(SolutionItems) = preProject
		docker-compose.ci.build.yml = docker-compose.ci.build.yml
	EndProjectSection
EndProject
Global
	GlobalSection(SolutionConfigurationPlatforms) = preSolution
		Debug|Any CPU = Debug|Any CPU
		Release|Any CPU = Release|Any CPU
	EndGlobalSection
	GlobalSection(ProjectConfigurationPlatforms) = postSolution
		{1F94B432-232D-4BDF-BF44-91CFB7483D56}.Debug|Any CPU.ActiveCfg = Debug|Any CPU
		{1F94B432-232D-4BDF-BF44-91CFB7483D56}.Debug|Any CPU.Build.0 = Debug|Any CPU
		{1F94B432-232D-4BDF-BF44-91CFB7483D56}.Release|Any CPU.ActiveCfg = Release|Any CPU
		{1F94B432-232D-4BDF-BF44-91CFB7483D56}.Release|Any CPU.Build.0 = Release|Any CPU
	EndGlobalSection
	GlobalSection(SolutionProperties) = preSolution
		HideSolutionNode = FALSE
	EndGlobalSection
	GlobalSection(NestedProjects) = preSolution
		{1F94B432-232D-4BDF-BF44-91CFB7483D56} = {0D452BFE-626B-4C17-A032-05F314989255}
	EndGlobalSection
EndGlobal
